// !$*UTF8*$!
{
	archiveVersion = 1;
	classes = {
	};
	objectVersion = 46;
	objects = {

/* Begin PBXBuildFile section */
		272FAB561AC5F9AF00F41A93 /* GameKitHelper.m in Sources */ = {isa = PBXBuildFile; fileRef = 272FAB551AC5F9AF00F41A93 /* GameKitHelper.m */; };
		272FAB5F1AC6024500F41A93 /* OuttaHereNavController.m in Sources */ = {isa = PBXBuildFile; fileRef = 272FAB5E1AC6024500F41A93 /* OuttaHereNavController.m */; };
		274A88CC1AC85656002C2743 /* iAd.framework in Frameworks */ = {isa = PBXBuildFile; fileRef = 274A88CB1AC85656002C2743 /* iAd.framework */; };
		2767B8501AC07BBA003E959D /* TitleScreen.m in Sources */ = {isa = PBXBuildFile; fileRef = 2767B84F1AC07BBA003E959D /* TitleScreen.m */; };
		2767B8551AC0A0CD003E959D /* Instructions.m in Sources */ = {isa = PBXBuildFile; fileRef = 2767B8541AC0A0CD003E959D /* Instructions.m */; };
		2767B8581AC0A505003E959D /* GameOver.m in Sources */ = {isa = PBXBuildFile; fileRef = 2767B8571AC0A505003E959D /* GameOver.m */; };
		2767B85B1AC0B34E003E959D /* Credits.m in Sources */ = {isa = PBXBuildFile; fileRef = 2767B85A1AC0B34E003E959D /* Credits.m */; };
		276B43E01AB70FF7004AFD61 /* sprites-iPad.atlas in Resources */ = {isa = PBXBuildFile; fileRef = 276B43DE1AB70FF7004AFD61 /* sprites-iPad.atlas */; };
		276B43E11AB70FF7004AFD61 /* sprites-iPhone.atlas in Resources */ = {isa = PBXBuildFile; fileRef = 276B43DF1AB70FF7004AFD61 /* sprites-iPhone.atlas */; };
		2778AB5D1AAE07FC00FC94F8 /* music.caf in Resources */ = {isa = PBXBuildFile; fileRef = 2778AB5C1AAE07FC00FC94F8 /* music.caf */; };
		2778BF7B1ABAFC9A00983075 /* Icon-60.png in Resources */ = {isa = PBXBuildFile; fileRef = 2778BF681ABAFC9A00983075 /* Icon-60.png */; };
		2778BF7C1ABAFC9A00983075 /* Icon-60@2x.png in Resources */ = {isa = PBXBuildFile; fileRef = 2778BF691ABAFC9A00983075 /* Icon-60@2x.png */; };
		2778BF7D1ABAFC9A00983075 /* Icon-60@3x.png in Resources */ = {isa = PBXBuildFile; fileRef = 2778BF6A1ABAFC9A00983075 /* Icon-60@3x.png */; };
		2778BF7E1ABAFC9A00983075 /* Icon-72.png in Resources */ = {isa = PBXBuildFile; fileRef = 2778BF6B1ABAFC9A00983075 /* Icon-72.png */; };
		2778BF7F1ABAFC9A00983075 /* Icon-72@2x.png in Resources */ = {isa = PBXBuildFile; fileRef = 2778BF6C1ABAFC9A00983075 /* Icon-72@2x.png */; };
		2778BF801ABAFC9A00983075 /* Icon-76.png in Resources */ = {isa = PBXBuildFile; fileRef = 2778BF6D1ABAFC9A00983075 /* Icon-76.png */; };
		2778BF811ABAFC9A00983075 /* Icon-76@2x.png in Resources */ = {isa = PBXBuildFile; fileRef = 2778BF6E1ABAFC9A00983075 /* Icon-76@2x.png */; };
		2778BF821ABAFC9A00983075 /* Icon-Small-40.png in Resources */ = {isa = PBXBuildFile; fileRef = 2778BF6F1ABAFC9A00983075 /* Icon-Small-40.png */; };
		2778BF831ABAFC9A00983075 /* Icon-Small-40@2x.png in Resources */ = {isa = PBXBuildFile; fileRef = 2778BF701ABAFC9A00983075 /* Icon-Small-40@2x.png */; };
		2778BF841ABAFC9A00983075 /* Icon-Small-40@3x.png in Resources */ = {isa = PBXBuildFile; fileRef = 2778BF711ABAFC9A00983075 /* Icon-Small-40@3x.png */; };
		2778BF851ABAFC9A00983075 /* Icon-Small-50.png in Resources */ = {isa = PBXBuildFile; fileRef = 2778BF721ABAFC9A00983075 /* Icon-Small-50.png */; };
		2778BF861ABAFC9A00983075 /* Icon-Small-50@2x.png in Resources */ = {isa = PBXBuildFile; fileRef = 2778BF731ABAFC9A00983075 /* Icon-Small-50@2x.png */; };
		2778BF871ABAFC9A00983075 /* Icon-Small.png in Resources */ = {isa = PBXBuildFile; fileRef = 2778BF741ABAFC9A00983075 /* Icon-Small.png */; };
		2778BF881ABAFC9A00983075 /* Icon-Small@2x.png in Resources */ = {isa = PBXBuildFile; fileRef = 2778BF751ABAFC9A00983075 /* Icon-Small@2x.png */; };
		2778BF891ABAFC9A00983075 /* Icon-Small@3x.png in Resources */ = {isa = PBXBuildFile; fileRef = 2778BF761ABAFC9A00983075 /* Icon-Small@3x.png */; };
		2778BF8A1ABAFC9A00983075 /* Icon.png in Resources */ = {isa = PBXBuildFile; fileRef = 2778BF771ABAFC9A00983075 /* Icon.png */; };
		2778BF8B1ABAFC9A00983075 /* Icon@2x.png in Resources */ = {isa = PBXBuildFile; fileRef = 2778BF781ABAFC9A00983075 /* Icon@2x.png */; };
		2778BF8C1ABAFC9A00983075 /* iTunesArtwork@2x.png in Resources */ = {isa = PBXBuildFile; fileRef = 2778BF791ABAFC9A00983075 /* iTunesArtwork@2x.png */; };
		2778BF8D1ABAFC9A00983075 /* WhiteWolf.png in Resources */ = {isa = PBXBuildFile; fileRef = 2778BF7A1ABAFC9A00983075 /* WhiteWolf.png */; };
		2778BF931ABAFFB100983075 /* LaunchScreen.xib in Resources */ = {isa = PBXBuildFile; fileRef = 2778BF921ABAFFB100983075 /* LaunchScreen.xib */; };
		279D6CAB1AC5D1A800678CE2 /* GameKit.framework in Frameworks */ = {isa = PBXBuildFile; fileRef = 279D6CAA1AC5D1A800678CE2 /* GameKit.framework */; };
		27C1FEF51AB104EF00235736 /* gameover.caf in Resources */ = {isa = PBXBuildFile; fileRef = 27C1FEF41AB104EF00235736 /* gameover.caf */; };
		27C304231AAE061700D44A6A /* coin.caf in Resources */ = {isa = PBXBuildFile; fileRef = 27C3041E1AAE061700D44A6A /* coin.caf */; };
		27C304241AAE061700D44A6A /* death.caf in Resources */ = {isa = PBXBuildFile; fileRef = 27C3041F1AAE061700D44A6A /* death.caf */; };
		27C304251AAE061700D44A6A /* jump.caf in Resources */ = {isa = PBXBuildFile; fileRef = 27C304201AAE061700D44A6A /* jump.caf */; };
		27C304261AAE061700D44A6A /* walking.caf in Resources */ = {isa = PBXBuildFile; fileRef = 27C304211AAE061700D44A6A /* walking.caf */; };
		27E698961AC7148000A9FF30 /* GrutchShaded.ttf in Resources */ = {isa = PBXBuildFile; fileRef = 27E698951AC7148000A9FF30 /* GrutchShaded.ttf */; };
		27E698991AC71C1600A9FF30 /* AchievementHelpr.m in Sources */ = {isa = PBXBuildFile; fileRef = 27E698981AC71C1600A9FF30 /* AchievementHelpr.m */; };
		27F5F34F1AA61E2C00E3A8E2 /* main.m in Sources */ = {isa = PBXBuildFile; fileRef = 27F5F34E1AA61E2C00E3A8E2 /* main.m */; };
		27F5F3521AA61E2C00E3A8E2 /* AppDelegate.m in Sources */ = {isa = PBXBuildFile; fileRef = 27F5F3511AA61E2C00E3A8E2 /* AppDelegate.m */; };
		27F5F3551AA61E2C00E3A8E2 /* GameScene.m in Sources */ = {isa = PBXBuildFile; fileRef = 27F5F3541AA61E2C00E3A8E2 /* GameScene.m */; };
		27F5F35A1AA61E2C00E3A8E2 /* GameViewController.m in Sources */ = {isa = PBXBuildFile; fileRef = 27F5F3591AA61E2C00E3A8E2 /* GameViewController.m */; };
		27F5F35D1AA61E2C00E3A8E2 /* Main.storyboard in Resources */ = {isa = PBXBuildFile; fileRef = 27F5F35B1AA61E2C00E3A8E2 /* Main.storyboard */; };
		27F5F35F1AA61E2C00E3A8E2 /* Images.xcassets in Resources */ = {isa = PBXBuildFile; fileRef = 27F5F35E1AA61E2C00E3A8E2 /* Images.xcassets */; };
		27F5F36E1AA61E2C00E3A8E2 /* TheGreatEscapeTests.m in Sources */ = {isa = PBXBuildFile; fileRef = 27F5F36D1AA61E2C00E3A8E2 /* TheGreatEscapeTests.m */; };
/* End PBXBuildFile section */

/* Begin PBXContainerItemProxy section */
		27F5F3681AA61E2C00E3A8E2 /* PBXContainerItemProxy */ = {
			isa = PBXContainerItemProxy;
			containerPortal = 27F5F3411AA61E2C00E3A8E2 /* Project object */;
			proxyType = 1;
			remoteGlobalIDString = 27F5F3481AA61E2C00E3A8E2;
			remoteInfo = TheGreatEscape;
		};
/* End PBXContainerItemProxy section */

/* Begin PBXFileReference section */
		272FAB541AC5F9AF00F41A93 /* GameKitHelper.h */ = {isa = PBXFileReference; fileEncoding = 4; lastKnownFileType = sourcecode.c.h; path = GameKitHelper.h; sourceTree = "<group>"; };
		272FAB551AC5F9AF00F41A93 /* GameKitHelper.m */ = {isa = PBXFileReference; fileEncoding = 4; lastKnownFileType = sourcecode.c.objc; path = GameKitHelper.m; sourceTree = "<group>"; };
		272FAB5D1AC6024500F41A93 /* OuttaHereNavController.h */ = {isa = PBXFileReference; fileEncoding = 4; lastKnownFileType = sourcecode.c.h; name = OuttaHereNavController.h; path = ../OuttaHereNavController.h; sourceTree = "<group>"; };
		272FAB5E1AC6024500F41A93 /* OuttaHereNavController.m */ = {isa = PBXFileReference; fileEncoding = 4; lastKnownFileType = sourcecode.c.objc; name = OuttaHereNavController.m; path = ../OuttaHereNavController.m; sourceTree = "<group>"; };
		274A88CB1AC85656002C2743 /* iAd.framework */ = {isa = PBXFileReference; lastKnownFileType = wrapper.framework; name = iAd.framework; path = System/Library/Frameworks/iAd.framework; sourceTree = SDKROOT; };
		2767B84E1AC07BBA003E959D /* TitleScreen.h */ = {isa = PBXFileReference; fileEncoding = 4; lastKnownFileType = sourcecode.c.h; name = TitleScreen.h; path = ../TitleScreen.h; sourceTree = "<group>"; };
		2767B84F1AC07BBA003E959D /* TitleScreen.m */ = {isa = PBXFileReference; fileEncoding = 4; lastKnownFileType = sourcecode.c.objc; name = TitleScreen.m; path = ../TitleScreen.m; sourceTree = "<group>"; };
		2767B8531AC0A0CD003E959D /* Instructions.h */ = {isa = PBXFileReference; fileEncoding = 4; lastKnownFileType = sourcecode.c.h; name = Instructions.h; path = ../Instructions.h; sourceTree = "<group>"; };
		2767B8541AC0A0CD003E959D /* Instructions.m */ = {isa = PBXFileReference; fileEncoding = 4; lastKnownFileType = sourcecode.c.objc; name = Instructions.m; path = ../Instructions.m; sourceTree = "<group>"; };
		2767B8561AC0A505003E959D /* GameOver.h */ = {isa = PBXFileReference; fileEncoding = 4; lastKnownFileType = sourcecode.c.h; path = GameOver.h; sourceTree = "<group>"; };
		2767B8571AC0A505003E959D /* GameOver.m */ = {isa = PBXFileReference; fileEncoding = 4; lastKnownFileType = sourcecode.c.objc; path = GameOver.m; sourceTree = "<group>"; };
		2767B8591AC0B34E003E959D /* Credits.h */ = {isa = PBXFileReference; fileEncoding = 4; lastKnownFileType = sourcecode.c.h; path = Credits.h; sourceTree = "<group>"; };
		2767B85A1AC0B34E003E959D /* Credits.m */ = {isa = PBXFileReference; fileEncoding = 4; lastKnownFileType = sourcecode.c.objc; path = Credits.m; sourceTree = "<group>"; };
		276B43DE1AB70FF7004AFD61 /* sprites-iPad.atlas */ = {isa = PBXFileReference; lastKnownFileType = folder.skatlas; path = "sprites-iPad.atlas"; sourceTree = "<group>"; };
		276B43DF1AB70FF7004AFD61 /* sprites-iPhone.atlas */ = {isa = PBXFileReference; lastKnownFileType = folder.skatlas; path = "sprites-iPhone.atlas"; sourceTree = "<group>"; };
		2778AB5C1AAE07FC00FC94F8 /* music.caf */ = {isa = PBXFileReference; lastKnownFileType = file; path = music.caf; sourceTree = "<group>"; };
		2778BF681ABAFC9A00983075 /* Icon-60.png */ = {isa = PBXFileReference; lastKnownFileType = image.png; path = "Icon-60.png"; sourceTree = "<group>"; };
		2778BF691ABAFC9A00983075 /* Icon-60@2x.png */ = {isa = PBXFileReference; lastKnownFileType = image.png; path = "Icon-60@2x.png"; sourceTree = "<group>"; };
		2778BF6A1ABAFC9A00983075 /* Icon-60@3x.png */ = {isa = PBXFileReference; lastKnownFileType = image.png; path = "Icon-60@3x.png"; sourceTree = "<group>"; };
		2778BF6B1ABAFC9A00983075 /* Icon-72.png */ = {isa = PBXFileReference; lastKnownFileType = image.png; path = "Icon-72.png"; sourceTree = "<group>"; };
		2778BF6C1ABAFC9A00983075 /* Icon-72@2x.png */ = {isa = PBXFileReference; lastKnownFileType = image.png; path = "Icon-72@2x.png"; sourceTree = "<group>"; };
		2778BF6D1ABAFC9A00983075 /* Icon-76.png */ = {isa = PBXFileReference; lastKnownFileType = image.png; path = "Icon-76.png"; sourceTree = "<group>"; };
		2778BF6E1ABAFC9A00983075 /* Icon-76@2x.png */ = {isa = PBXFileReference; lastKnownFileType = image.png; path = "Icon-76@2x.png"; sourceTree = "<group>"; };
		2778BF6F1ABAFC9A00983075 /* Icon-Small-40.png */ = {isa = PBXFileReference; lastKnownFileType = image.png; path = "Icon-Small-40.png"; sourceTree = "<group>"; };
		2778BF701ABAFC9A00983075 /* Icon-Small-40@2x.png */ = {isa = PBXFileReference; lastKnownFileType = image.png; path = "Icon-Small-40@2x.png"; sourceTree = "<group>"; };
		2778BF711ABAFC9A00983075 /* Icon-Small-40@3x.png */ = {isa = PBXFileReference; lastKnownFileType = image.png; path = "Icon-Small-40@3x.png"; sourceTree = "<group>"; };
		2778BF721ABAFC9A00983075 /* Icon-Small-50.png */ = {isa = PBXFileReference; lastKnownFileType = image.png; path = "Icon-Small-50.png"; sourceTree = "<group>"; };
		2778BF731ABAFC9A00983075 /* Icon-Small-50@2x.png */ = {isa = PBXFileReference; lastKnownFileType = image.png; path = "Icon-Small-50@2x.png"; sourceTree = "<group>"; };
		2778BF741ABAFC9A00983075 /* Icon-Small.png */ = {isa = PBXFileReference; lastKnownFileType = image.png; path = "Icon-Small.png"; sourceTree = "<group>"; };
		2778BF751ABAFC9A00983075 /* Icon-Small@2x.png */ = {isa = PBXFileReference; lastKnownFileType = image.png; path = "Icon-Small@2x.png"; sourceTree = "<group>"; };
		2778BF761ABAFC9A00983075 /* Icon-Small@3x.png */ = {isa = PBXFileReference; lastKnownFileType = image.png; path = "Icon-Small@3x.png"; sourceTree = "<group>"; };
		2778BF771ABAFC9A00983075 /* Icon.png */ = {isa = PBXFileReference; lastKnownFileType = image.png; path = Icon.png; sourceTree = "<group>"; };
		2778BF781ABAFC9A00983075 /* Icon@2x.png */ = {isa = PBXFileReference; lastKnownFileType = image.png; path = "Icon@2x.png"; sourceTree = "<group>"; };
		2778BF791ABAFC9A00983075 /* iTunesArtwork@2x.png */ = {isa = PBXFileReference; lastKnownFileType = image.png; path = "iTunesArtwork@2x.png"; sourceTree = "<group>"; };
		2778BF7A1ABAFC9A00983075 /* WhiteWolf.png */ = {isa = PBXFileReference; lastKnownFileType = image.png; path = WhiteWolf.png; sourceTree = "<group>"; };
		2778BF921ABAFFB100983075 /* LaunchScreen.xib */ = {isa = PBXFileReference; fileEncoding = 4; lastKnownFileType = file.xib; name = LaunchScreen.xib; path = ../LaunchScreen.xib; sourceTree = "<group>"; };
		279D6CAA1AC5D1A800678CE2 /* GameKit.framework */ = {isa = PBXFileReference; lastKnownFileType = wrapper.framework; name = GameKit.framework; path = System/Library/Frameworks/GameKit.framework; sourceTree = SDKROOT; };
		27C1FEF41AB104EF00235736 /* gameover.caf */ = {isa = PBXFileReference; lastKnownFileType = file; path = gameover.caf; sourceTree = "<group>"; };
		27C3041E1AAE061700D44A6A /* coin.caf */ = {isa = PBXFileReference; lastKnownFileType = file; path = coin.caf; sourceTree = "<group>"; };
		27C3041F1AAE061700D44A6A /* death.caf */ = {isa = PBXFileReference; lastKnownFileType = file; path = death.caf; sourceTree = "<group>"; };
		27C304201AAE061700D44A6A /* jump.caf */ = {isa = PBXFileReference; lastKnownFileType = file; path = jump.caf; sourceTree = "<group>"; };
		27C304211AAE061700D44A6A /* walking.caf */ = {isa = PBXFileReference; lastKnownFileType = file; path = walking.caf; sourceTree = "<group>"; };
		27E698951AC7148000A9FF30 /* GrutchShaded.ttf */ = {isa = PBXFileReference; lastKnownFileType = file; name = GrutchShaded.ttf; path = ../GrutchShaded.ttf; sourceTree = "<group>"; };
		27E698971AC71C1600A9FF30 /* AchievementHelpr.h */ = {isa = PBXFileReference; fileEncoding = 4; lastKnownFileType = sourcecode.c.h; path = AchievementHelpr.h; sourceTree = "<group>"; };
		27E698981AC71C1600A9FF30 /* AchievementHelpr.m */ = {isa = PBXFileReference; fileEncoding = 4; lastKnownFileType = sourcecode.c.objc; path = AchievementHelpr.m; sourceTree = "<group>"; };
		27F5F3491AA61E2C00E3A8E2 /* GetMeOuttaHere!.app */ = {isa = PBXFileReference; explicitFileType = wrapper.application; includeInIndex = 0; path = "GetMeOuttaHere!.app"; sourceTree = BUILT_PRODUCTS_DIR; };
		27F5F34D1AA61E2C00E3A8E2 /* Info.plist */ = {isa = PBXFileReference; lastKnownFileType = text.plist.xml; path = Info.plist; sourceTree = "<group>"; };
		27F5F34E1AA61E2C00E3A8E2 /* main.m */ = {isa = PBXFileReference; lastKnownFileType = sourcecode.c.objc; path = main.m; sourceTree = "<group>"; };
		27F5F3501AA61E2C00E3A8E2 /* AppDelegate.h */ = {isa = PBXFileReference; lastKnownFileType = sourcecode.c.h; path = AppDelegate.h; sourceTree = "<group>"; };
		27F5F3511AA61E2C00E3A8E2 /* AppDelegate.m */ = {isa = PBXFileReference; lastKnownFileType = sourcecode.c.objc; path = AppDelegate.m; sourceTree = "<group>"; };
		27F5F3531AA61E2C00E3A8E2 /* GameScene.h */ = {isa = PBXFileReference; lastKnownFileType = sourcecode.c.h; path = GameScene.h; sourceTree = "<group>"; };
		27F5F3541AA61E2C00E3A8E2 /* GameScene.m */ = {isa = PBXFileReference; lastKnownFileType = sourcecode.c.objc; path = GameScene.m; sourceTree = "<group>"; };
		27F5F3581AA61E2C00E3A8E2 /* GameViewController.h */ = {isa = PBXFileReference; lastKnownFileType = sourcecode.c.h; path = GameViewController.h; sourceTree = "<group>"; };
		27F5F3591AA61E2C00E3A8E2 /* GameViewController.m */ = {isa = PBXFileReference; lastKnownFileType = sourcecode.c.objc; path = GameViewController.m; sourceTree = "<group>"; };
		27F5F35C1AA61E2C00E3A8E2 /* Base */ = {isa = PBXFileReference; lastKnownFileType = file.storyboard; name = Base; path = Base.lproj/Main.storyboard; sourceTree = "<group>"; };
		27F5F35E1AA61E2C00E3A8E2 /* Images.xcassets */ = {isa = PBXFileReference; lastKnownFileType = folder.assetcatalog; path = Images.xcassets; sourceTree = "<group>"; };
		27F5F3671AA61E2C00E3A8E2 /* GetMeOuttaHere!Tests.xctest */ = {isa = PBXFileReference; explicitFileType = wrapper.cfbundle; includeInIndex = 0; path = "GetMeOuttaHere!Tests.xctest"; sourceTree = BUILT_PRODUCTS_DIR; };
		27F5F36C1AA61E2C00E3A8E2 /* Info.plist */ = {isa = PBXFileReference; lastKnownFileType = text.plist.xml; path = Info.plist; sourceTree = "<group>"; };
		27F5F36D1AA61E2C00E3A8E2 /* TheGreatEscapeTests.m */ = {isa = PBXFileReference; lastKnownFileType = sourcecode.c.objc; path = TheGreatEscapeTests.m; sourceTree = "<group>"; };
/* End PBXFileReference section */

/* Begin PBXFrameworksBuildPhase section */
		27F5F3461AA61E2C00E3A8E2 /* Frameworks */ = {
			isa = PBXFrameworksBuildPhase;
			buildActionMask = 2147483647;
			files = (
				274A88CC1AC85656002C2743 /* iAd.framework in Frameworks */,
				279D6CAB1AC5D1A800678CE2 /* GameKit.framework in Frameworks */,
			);
			runOnlyForDeploymentPostprocessing = 0;
		};
		27F5F3641AA61E2C00E3A8E2 /* Frameworks */ = {
			isa = PBXFrameworksBuildPhase;
			buildActionMask = 2147483647;
			files = (
			);
			runOnlyForDeploymentPostprocessing = 0;
		};
/* End PBXFrameworksBuildPhase section */

/* Begin PBXGroup section */
		272FAB531AC5F94900F41A93 /* GameKitHelpers */ = {
			isa = PBXGroup;
			children = (
				272FAB541AC5F9AF00F41A93 /* GameKitHelper.h */,
				272FAB551AC5F9AF00F41A93 /* GameKitHelper.m */,
				27E698971AC71C1600A9FF30 /* AchievementHelpr.h */,
				27E698981AC71C1600A9FF30 /* AchievementHelpr.m */,
			);
			name = GameKitHelpers;
			sourceTree = "<group>";
		};
		276B43DD1AB70FF7004AFD61 /* gameart */ = {
			isa = PBXGroup;
			children = (
				276B43DE1AB70FF7004AFD61 /* sprites-iPad.atlas */,
				276B43DF1AB70FF7004AFD61 /* sprites-iPhone.atlas */,
			);
			path = gameart;
			sourceTree = "<group>";
		};
		2778BF671ABAFC9A00983075 /* Misc Images */ = {
			isa = PBXGroup;
			children = (
				2778BF681ABAFC9A00983075 /* Icon-60.png */,
				2778BF691ABAFC9A00983075 /* Icon-60@2x.png */,
				2778BF6A1ABAFC9A00983075 /* Icon-60@3x.png */,
				2778BF6B1ABAFC9A00983075 /* Icon-72.png */,
				2778BF6C1ABAFC9A00983075 /* Icon-72@2x.png */,
				2778BF6D1ABAFC9A00983075 /* Icon-76.png */,
				2778BF6E1ABAFC9A00983075 /* Icon-76@2x.png */,
				2778BF6F1ABAFC9A00983075 /* Icon-Small-40.png */,
				2778BF701ABAFC9A00983075 /* Icon-Small-40@2x.png */,
				2778BF711ABAFC9A00983075 /* Icon-Small-40@3x.png */,
				2778BF721ABAFC9A00983075 /* Icon-Small-50.png */,
				2778BF731ABAFC9A00983075 /* Icon-Small-50@2x.png */,
				2778BF741ABAFC9A00983075 /* Icon-Small.png */,
				2778BF751ABAFC9A00983075 /* Icon-Small@2x.png */,
				2778BF761ABAFC9A00983075 /* Icon-Small@3x.png */,
				2778BF771ABAFC9A00983075 /* Icon.png */,
				2778BF781ABAFC9A00983075 /* Icon@2x.png */,
				2778BF791ABAFC9A00983075 /* iTunesArtwork@2x.png */,
				2778BF7A1ABAFC9A00983075 /* WhiteWolf.png */,
			);
			path = "Misc Images";
			sourceTree = "<group>";
		};
		27E6989A1AC732A300A9FF30 /* Audio */ = {
			isa = PBXGroup;
			children = (
				27C1FEF41AB104EF00235736 /* gameover.caf */,
				2778AB5C1AAE07FC00FC94F8 /* music.caf */,
				27C3041E1AAE061700D44A6A /* coin.caf */,
				27C3041F1AAE061700D44A6A /* death.caf */,
				27C304201AAE061700D44A6A /* jump.caf */,
				27C304211AAE061700D44A6A /* walking.caf */,
			);
			name = Audio;
			sourceTree = "<group>";
		};
		27E6989B1AC732B700A9FF30 /* Extra Scenes */ = {
			isa = PBXGroup;
			children = (
				2767B8591AC0B34E003E959D /* Credits.h */,
				2767B85A1AC0B34E003E959D /* Credits.m */,
				2767B8561AC0A505003E959D /* GameOver.h */,
				2767B8571AC0A505003E959D /* GameOver.m */,
				2767B8531AC0A0CD003E959D /* Instructions.h */,
				2767B8541AC0A0CD003E959D /* Instructions.m */,
				2767B84E1AC07BBA003E959D /* TitleScreen.h */,
				2767B84F1AC07BBA003E959D /* TitleScreen.m */,
			);
			name = "Extra Scenes";
			sourceTree = "<group>";
		};
		27F5F3401AA61E2C00E3A8E2 = {
			isa = PBXGroup;
			children = (
				274A88CB1AC85656002C2743 /* iAd.framework */,
				279D6CAA1AC5D1A800678CE2 /* GameKit.framework */,
				2778BF671ABAFC9A00983075 /* Misc Images */,
				276B43DD1AB70FF7004AFD61 /* gameart */,
				27F5F34B1AA61E2C00E3A8E2 /* Get Me Outta Here! */,
				27F5F36A1AA61E2C00E3A8E2 /* Get Me Outta Here!Tests */,
				27F5F34A1AA61E2C00E3A8E2 /* Products */,
			);
			sourceTree = "<group>";
		};
		27F5F34A1AA61E2C00E3A8E2 /* Products */ = {
			isa = PBXGroup;
			children = (
				27F5F3491AA61E2C00E3A8E2 /* GetMeOuttaHere!.app */,
				27F5F3671AA61E2C00E3A8E2 /* GetMeOuttaHere!Tests.xctest */,
			);
			name = Products;
			sourceTree = "<group>";
		};
		27F5F34B1AA61E2C00E3A8E2 /* Get Me Outta Here! */ = {
			isa = PBXGroup;
			children = (
				27E6989B1AC732B700A9FF30 /* Extra Scenes */,
				27E6989A1AC732A300A9FF30 /* Audio */,
				272FAB531AC5F94900F41A93 /* GameKitHelpers */,
				27E698951AC7148000A9FF30 /* GrutchShaded.ttf */,
				27F5F3501AA61E2C00E3A8E2 /* AppDelegate.h */,
				27F5F3511AA61E2C00E3A8E2 /* AppDelegate.m */,
				27F5F3531AA61E2C00E3A8E2 /* GameScene.h */,
				27F5F3541AA61E2C00E3A8E2 /* GameScene.m */,
				27F5F3581AA61E2C00E3A8E2 /* GameViewController.h */,
				27F5F3591AA61E2C00E3A8E2 /* GameViewController.m */,
				272FAB5D1AC6024500F41A93 /* OuttaHereNavController.h */,
				272FAB5E1AC6024500F41A93 /* OuttaHereNavController.m */,
				27F5F35B1AA61E2C00E3A8E2 /* Main.storyboard */,
				27F5F35E1AA61E2C00E3A8E2 /* Images.xcassets */,
				2778BF921ABAFFB100983075 /* LaunchScreen.xib */,
				27F5F34C1AA61E2C00E3A8E2 /* Supporting Files */,
			);
			name = "Get Me Outta Here!";
			path = TheGreatEscape;
			sourceTree = "<group>";
		};
		27F5F34C1AA61E2C00E3A8E2 /* Supporting Files */ = {
			isa = PBXGroup;
			children = (
				27F5F34D1AA61E2C00E3A8E2 /* Info.plist */,
				27F5F34E1AA61E2C00E3A8E2 /* main.m */,
			);
			name = "Supporting Files";
			sourceTree = "<group>";
		};
		27F5F36A1AA61E2C00E3A8E2 /* Get Me Outta Here!Tests */ = {
			isa = PBXGroup;
			children = (
				27F5F36D1AA61E2C00E3A8E2 /* TheGreatEscapeTests.m */,
				27F5F36B1AA61E2C00E3A8E2 /* Supporting Files */,
			);
			name = "Get Me Outta Here!Tests";
			path = TheGreatEscapeTests;
			sourceTree = "<group>";
		};
		27F5F36B1AA61E2C00E3A8E2 /* Supporting Files */ = {
			isa = PBXGroup;
			children = (
				27F5F36C1AA61E2C00E3A8E2 /* Info.plist */,
			);
			name = "Supporting Files";
			sourceTree = "<group>";
		};
/* End PBXGroup section */

/* Begin PBXNativeTarget section */
		27F5F3481AA61E2C00E3A8E2 /* GetMeOuttaHere! */ = {
			isa = PBXNativeTarget;
			buildConfigurationList = 27F5F3711AA61E2C00E3A8E2 /* Build configuration list for PBXNativeTarget "GetMeOuttaHere!" */;
			buildPhases = (
				27F5F3451AA61E2C00E3A8E2 /* Sources */,
				27F5F3461AA61E2C00E3A8E2 /* Frameworks */,
				27F5F3471AA61E2C00E3A8E2 /* Resources */,
			);
			buildRules = (
			);
			dependencies = (
			);
			name = "GetMeOuttaHere!";
			productName = TheGreatEscape;
			productReference = 27F5F3491AA61E2C00E3A8E2 /* GetMeOuttaHere!.app */;
			productType = "com.apple.product-type.application";
		};
		27F5F3661AA61E2C00E3A8E2 /* GetMeOuttaHere!Tests */ = {
			isa = PBXNativeTarget;
			buildConfigurationList = 27F5F3741AA61E2C00E3A8E2 /* Build configuration list for PBXNativeTarget "GetMeOuttaHere!Tests" */;
			buildPhases = (
				27F5F3631AA61E2C00E3A8E2 /* Sources */,
				27F5F3641AA61E2C00E3A8E2 /* Frameworks */,
				27F5F3651AA61E2C00E3A8E2 /* Resources */,
			);
			buildRules = (
			);
			dependencies = (
				27F5F3691AA61E2C00E3A8E2 /* PBXTargetDependency */,
			);
			name = "GetMeOuttaHere!Tests";
			productName = TheGreatEscapeTests;
			productReference = 27F5F3671AA61E2C00E3A8E2 /* GetMeOuttaHere!Tests.xctest */;
			productType = "com.apple.product-type.bundle.unit-test";
		};
/* End PBXNativeTarget section */

/* Begin PBXProject section */
		27F5F3411AA61E2C00E3A8E2 /* Project object */ = {
			isa = PBXProject;
			attributes = {
				LastUpgradeCheck = 0610;
				ORGANIZATIONNAME = "Kyle Kauck";
				TargetAttributes = {
					27F5F3481AA61E2C00E3A8E2 = {
						CreatedOnToolsVersion = 6.1.1;
						DevelopmentTeam = G94N6Z65LT;
						SystemCapabilities = {
							com.apple.GameCenter = {
								enabled = 1;
							};
						};
					};
					27F5F3661AA61E2C00E3A8E2 = {
						CreatedOnToolsVersion = 6.1.1;
						TestTargetID = 27F5F3481AA61E2C00E3A8E2;
					};
				};
			};
			buildConfigurationList = 27F5F3441AA61E2C00E3A8E2 /* Build configuration list for PBXProject "GetMeOuttaHere!" */;
			compatibilityVersion = "Xcode 3.2";
			developmentRegion = English;
			hasScannedForEncodings = 0;
			knownRegions = (
				en,
				Base,
			);
			mainGroup = 27F5F3401AA61E2C00E3A8E2;
			productRefGroup = 27F5F34A1AA61E2C00E3A8E2 /* Products */;
			projectDirPath = "";
			projectRoot = "";
			targets = (
				27F5F3481AA61E2C00E3A8E2 /* GetMeOuttaHere! */,
				27F5F3661AA61E2C00E3A8E2 /* GetMeOuttaHere!Tests */,
			);
		};
/* End PBXProject section */

/* Begin PBXResourcesBuildPhase section */
		27F5F3471AA61E2C00E3A8E2 /* Resources */ = {
			isa = PBXResourcesBuildPhase;
			buildActionMask = 2147483647;
			files = (
				2778BF8A1ABAFC9A00983075 /* Icon.png in Resources */,
				27E698961AC7148000A9FF30 /* GrutchShaded.ttf in Resources */,
				2778BF821ABAFC9A00983075 /* Icon-Small-40.png in Resources */,
				2778BF831ABAFC9A00983075 /* Icon-Small-40@2x.png in Resources */,
				27C304261AAE061700D44A6A /* walking.caf in Resources */,
				27C304241AAE061700D44A6A /* death.caf in Resources */,
				2778BF7C1ABAFC9A00983075 /* Icon-60@2x.png in Resources */,
				2778BF7B1ABAFC9A00983075 /* Icon-60.png in Resources */,
				2778BF7D1ABAFC9A00983075 /* Icon-60@3x.png in Resources */,
				276B43E11AB70FF7004AFD61 /* sprites-iPhone.atlas in Resources */,
				2778BF8D1ABAFC9A00983075 /* WhiteWolf.png in Resources */,
				2778BF931ABAFFB100983075 /* LaunchScreen.xib in Resources */,
				2778BF8B1ABAFC9A00983075 /* Icon@2x.png in Resources */,
				2778BF871ABAFC9A00983075 /* Icon-Small.png in Resources */,
				2778BF861ABAFC9A00983075 /* Icon-Small-50@2x.png in Resources */,
				27F5F35F1AA61E2C00E3A8E2 /* Images.xcassets in Resources */,
				27C304231AAE061700D44A6A /* coin.caf in Resources */,
				27F5F35D1AA61E2C00E3A8E2 /* Main.storyboard in Resources */,
				2778BF891ABAFC9A00983075 /* Icon-Small@3x.png in Resources */,
				2778BF811ABAFC9A00983075 /* Icon-76@2x.png in Resources */,
				2778BF851ABAFC9A00983075 /* Icon-Small-50.png in Resources */,
				2778BF8C1ABAFC9A00983075 /* iTunesArtwork@2x.png in Resources */,
				2778BF7F1ABAFC9A00983075 /* Icon-72@2x.png in Resources */,
				2778AB5D1AAE07FC00FC94F8 /* music.caf in Resources */,
				2778BF801ABAFC9A00983075 /* Icon-76.png in Resources */,
				2778BF841ABAFC9A00983075 /* Icon-Small-40@3x.png in Resources */,
				2778BF7E1ABAFC9A00983075 /* Icon-72.png in Resources */,
				27C1FEF51AB104EF00235736 /* gameover.caf in Resources */,
				276B43E01AB70FF7004AFD61 /* sprites-iPad.atlas in Resources */,
				2778BF881ABAFC9A00983075 /* Icon-Small@2x.png in Resources */,
				27C304251AAE061700D44A6A /* jump.caf in Resources */,
			);
			runOnlyForDeploymentPostprocessing = 0;
		};
		27F5F3651AA61E2C00E3A8E2 /* Resources */ = {
			isa = PBXResourcesBuildPhase;
			buildActionMask = 2147483647;
			files = (
			);
			runOnlyForDeploymentPostprocessing = 0;
		};
/* End PBXResourcesBuildPhase section */

/* Begin PBXSourcesBuildPhase section */
		27F5F3451AA61E2C00E3A8E2 /* Sources */ = {
			isa = PBXSourcesBuildPhase;
			buildActionMask = 2147483647;
			files = (
				27F5F35A1AA61E2C00E3A8E2 /* GameViewController.m in Sources */,
				27F5F3521AA61E2C00E3A8E2 /* AppDelegate.m in Sources */,
				2767B85B1AC0B34E003E959D /* Credits.m in Sources */,
				2767B8551AC0A0CD003E959D /* Instructions.m in Sources */,
				2767B8581AC0A505003E959D /* GameOver.m in Sources */,
				27F5F3551AA61E2C00E3A8E2 /* GameScene.m in Sources */,
				272FAB561AC5F9AF00F41A93 /* GameKitHelper.m in Sources */,
				27F5F34F1AA61E2C00E3A8E2 /* main.m in Sources */,
				2767B8501AC07BBA003E959D /* TitleScreen.m in Sources */,
				27E698991AC71C1600A9FF30 /* AchievementHelpr.m in Sources */,
				272FAB5F1AC6024500F41A93 /* OuttaHereNavController.m in Sources */,
			);
			runOnlyForDeploymentPostprocessing = 0;
		};
		27F5F3631AA61E2C00E3A8E2 /* Sources */ = {
			isa = PBXSourcesBuildPhase;
			buildActionMask = 2147483647;
			files = (
				27F5F36E1AA61E2C00E3A8E2 /* TheGreatEscapeTests.m in Sources */,
			);
			runOnlyForDeploymentPostprocessing = 0;
		};
/* End PBXSourcesBuildPhase section */

/* Begin PBXTargetDependency section */
		27F5F3691AA61E2C00E3A8E2 /* PBXTargetDependency */ = {
			isa = PBXTargetDependency;
			target = 27F5F3481AA61E2C00E3A8E2 /* GetMeOuttaHere! */;
			targetProxy = 27F5F3681AA61E2C00E3A8E2 /* PBXContainerItemProxy */;
		};
/* End PBXTargetDependency section */

/* Begin PBXVariantGroup section */
		27F5F35B1AA61E2C00E3A8E2 /* Main.storyboard */ = {
			isa = PBXVariantGroup;
			children = (
				27F5F35C1AA61E2C00E3A8E2 /* Base */,
			);
			name = Main.storyboard;
			sourceTree = "<group>";
		};
/* End PBXVariantGroup section */

/* Begin XCBuildConfiguration section */
		27F5F36F1AA61E2C00E3A8E2 /* Debug */ = {
			isa = XCBuildConfiguration;
			buildSettings = {
				ALWAYS_SEARCH_USER_PATHS = NO;
				CLANG_CXX_LANGUAGE_STANDARD = "gnu++0x";
				CLANG_CXX_LIBRARY = "libc++";
				CLANG_ENABLE_MODULES = YES;
				CLANG_ENABLE_OBJC_ARC = YES;
				CLANG_WARN_BOOL_CONVERSION = YES;
				CLANG_WARN_CONSTANT_CONVERSION = YES;
				CLANG_WARN_DIRECT_OBJC_ISA_USAGE = YES_ERROR;
				CLANG_WARN_EMPTY_BODY = YES;
				CLANG_WARN_ENUM_CONVERSION = YES;
				CLANG_WARN_INT_CONVERSION = YES;
				CLANG_WARN_OBJC_ROOT_CLASS = YES_ERROR;
				CLANG_WARN_UNREACHABLE_CODE = YES;
				CLANG_WARN__DUPLICATE_METHOD_MATCH = YES;
				"CODE_SIGN_IDENTITY[sdk=iphoneos*]" = "iPhone Developer";
				COPY_PHASE_STRIP = NO;
				ENABLE_STRICT_OBJC_MSGSEND = YES;
				GCC_C_LANGUAGE_STANDARD = gnu99;
				GCC_DYNAMIC_NO_PIC = NO;
				GCC_OPTIMIZATION_LEVEL = 0;
				GCC_PREPROCESSOR_DEFINITIONS = (
					"DEBUG=1",
					"$(inherited)",
				);
				GCC_SYMBOLS_PRIVATE_EXTERN = NO;
				GCC_WARN_64_TO_32_BIT_CONVERSION = YES;
				GCC_WARN_ABOUT_RETURN_TYPE = YES_ERROR;
				GCC_WARN_UNDECLARED_SELECTOR = YES;
				GCC_WARN_UNINITIALIZED_AUTOS = YES_AGGRESSIVE;
				GCC_WARN_UNUSED_FUNCTION = YES;
				GCC_WARN_UNUSED_VARIABLE = YES;
				IPHONEOS_DEPLOYMENT_TARGET = 8.1;
				MTL_ENABLE_DEBUG_INFO = YES;
				ONLY_ACTIVE_ARCH = YES;
				SDKROOT = iphoneos;
			};
			name = Debug;
		};
		27F5F3701AA61E2C00E3A8E2 /* Release */ = {
			isa = XCBuildConfiguration;
			buildSettings = {
				ALWAYS_SEARCH_USER_PATHS = NO;
				CLANG_CXX_LANGUAGE_STANDARD = "gnu++0x";
				CLANG_CXX_LIBRARY = "libc++";
				CLANG_ENABLE_MODULES = YES;
				CLANG_ENABLE_OBJC_ARC = YES;
				CLANG_WARN_BOOL_CONVERSION = YES;
				CLANG_WARN_CONSTANT_CONVERSION = YES;
				CLANG_WARN_DIRECT_OBJC_ISA_USAGE = YES_ERROR;
				CLANG_WARN_EMPTY_BODY = YES;
				CLANG_WARN_ENUM_CONVERSION = YES;
				CLANG_WARN_INT_CONVERSION = YES;
				CLANG_WARN_OBJC_ROOT_CLASS = YES_ERROR;
				CLANG_WARN_UNREACHABLE_CODE = YES;
				CLANG_WARN__DUPLICATE_METHOD_MATCH = YES;
				"CODE_SIGN_IDENTITY[sdk=iphoneos*]" = "iPhone Developer";
				COPY_PHASE_STRIP = YES;
				ENABLE_NS_ASSERTIONS = NO;
				ENABLE_STRICT_OBJC_MSGSEND = YES;
				GCC_C_LANGUAGE_STANDARD = gnu99;
				GCC_WARN_64_TO_32_BIT_CONVERSION = YES;
				GCC_WARN_ABOUT_RETURN_TYPE = YES_ERROR;
				GCC_WARN_UNDECLARED_SELECTOR = YES;
				GCC_WARN_UNINITIALIZED_AUTOS = YES_AGGRESSIVE;
				GCC_WARN_UNUSED_FUNCTION = YES;
				GCC_WARN_UNUSED_VARIABLE = YES;
				IPHONEOS_DEPLOYMENT_TARGET = 8.1;
				MTL_ENABLE_DEBUG_INFO = NO;
				SDKROOT = iphoneos;
				VALIDATE_PRODUCT = YES;
			};
			name = Release;
		};
		27F5F3721AA61E2C00E3A8E2 /* Debug */ = {
			isa = XCBuildConfiguration;
			buildSettings = {
				ASSETCATALOG_COMPILER_APPICON_NAME = AppIcon;
				CODE_SIGN_IDENTITY = "iPhone Developer";
				"CODE_SIGN_IDENTITY[sdk=iphoneos*]" = "iPhone Developer";
				INFOPLIST_FILE = TheGreatEscape/Info.plist;
				LD_RUNPATH_SEARCH_PATHS = "$(inherited) @executable_path/Frameworks";
				PRODUCT_NAME = "GetMeOuttaHere!";
				PROVISIONING_PROFILE = "";
				TARGETED_DEVICE_FAMILY = "1,2";
			};
			name = Debug;
		};
		27F5F3731AA61E2C00E3A8E2 /* Release */ = {
			isa = XCBuildConfiguration;
			buildSettings = {
				ASSETCATALOG_COMPILER_APPICON_NAME = AppIcon;
				CODE_SIGN_IDENTITY = "iPhone Developer";
				"CODE_SIGN_IDENTITY[sdk=iphoneos*]" = "iPhone Developer";
				INFOPLIST_FILE = TheGreatEscape/Info.plist;
				LD_RUNPATH_SEARCH_PATHS = "$(inherited) @executable_path/Frameworks";
				PRODUCT_NAME = "GetMeOuttaHere!";
				PROVISIONING_PROFILE = "";
				TARGETED_DEVICE_FAMILY = "1,2";
			};
			name = Release;
		};
		27F5F3751AA61E2C00E3A8E2 /* Debug */ = {
			isa = XCBuildConfiguration;
			buildSettings = {
				BUNDLE_LOADER = "$(TEST_HOST)";
				FRAMEWORK_SEARCH_PATHS = (
					"$(SDKROOT)/Developer/Library/Frameworks",
					"$(inherited)",
				);
				GCC_PREPROCESSOR_DEFINITIONS = (
					"DEBUG=1",
					"$(inherited)",
				);
				INFOPLIST_FILE = TheGreatEscapeTests/Info.plist;
				LD_RUNPATH_SEARCH_PATHS = "$(inherited) @executable_path/Frameworks @loader_path/Frameworks";
				PRODUCT_NAME = "GetMeOuttaHere!Tests";
				TEST_HOST = "$(BUILT_PRODUCTS_DIR)/TheGreatEscape.app/TheGreatEscape";
			};
			name = Debug;
		};
		27F5F3761AA61E2C00E3A8E2 /* Release */ = {
			isa = XCBuildConfiguration;
			buildSettings = {
				BUNDLE_LOADER = "$(TEST_HOST)";
				FRAMEWORK_SEARCH_PATHS = (
					"$(SDKROOT)/Developer/Library/Frameworks",
					"$(inherited)",
				);
				INFOPLIST_FILE = TheGreatEscapeTests/Info.plist;
				LD_RUNPATH_SEARCH_PATHS = "$(inherited) @executable_path/Frameworks @loader_path/Frameworks";
				PRODUCT_NAME = "GetMeOuttaHere!Tests";
				TEST_HOST = "$(BUILT_PRODUCTS_DIR)/TheGreatEscape.app/TheGreatEscape";
			};
			name = Release;
		};
/* End XCBuildConfiguration section */

/* Begin XCConfigurationList section */
		27F5F3441AA61E2C00E3A8E2 /* Build configuration list for PBXProject "GetMeOuttaHere!" */ = {
			isa = XCConfigurationList;
			buildConfigurations = (
				27F5F36F1AA61E2C00E3A8E2 /* Debug */,
				27F5F3701AA61E2C00E3A8E2 /* Release */,
			);
			defaultConfigurationIsVisible = 0;
			defaultConfigurationName = Release;
		};
		27F5F3711AA61E2C00E3A8E2 /* Build configuration list for PBXNativeTarget "GetMeOuttaHere!" */ = {
			isa = XCConfigurationList;
			buildConfigurations = (
				27F5F3721AA61E2C00E3A8E2 /* Debug */,
				27F5F3731AA61E2C00E3A8E2 /* Release */,
			);
			defaultConfigurationIsVisible = 0;
			defaultConfigurationName = Release;
		};
		27F5F3741AA61E2C00E3A8E2 /* Build configuration list for PBXNativeTarget "GetMeOuttaHere!Tests" */ = {
			isa = XCConfigurationList;
			buildConfigurations = (
				27F5F3751AA61E2C00E3A8E2 /* Debug */,
				27F5F3761AA61E2C00E3A8E2 /* Release */,
			);
			defaultConfigurationIsVisible = 0;
			defaultConfigurationName = Release;
		};
/* End XCConfigurationList section */
	};
	rootObject = 27F5F3411AA61E2C00E3A8E2 /* Project object */;
}
